
Microsoft Visual Studio Solution File, Format Version 12.00
# Visual Studio Version 17
VisualStudioVersion = 17.5.002.0
MinimumVisualStudioVersion = 10.0.40219.1
Project("{9A19103F-16F7-4668-BE54-9A1E7A4F7556}") = "Example001_Hello", "Example001_Hello.csproj", "{C61C7C6E-35F7-4B89-8404-4CEBD6F26C03}"
EndProject
Global
	GlobalSection(SolutionConfigurationPlatforms) = preSolution
		Debug|Any CPU = Debug|Any CPU
		Release|Any CPU = Release|Any CPU
	EndGlobalSection
	GlobalSection(ProjectConfigurationPlatforms) = postSolution
		{C61C7C6E-35F7-4B89-8404-4CEBD6F26C03}.Debug|Any CPU.ActiveCfg = Debug|Any CPU
		{C61C7C6E-35F7-4B89-8404-4CEBD6F26C03}.Debug|Any CPU.Build.0 = Debug|Any CPU
		{C61C7C6E-35F7-4B89-8404-4CEBD6F26C03}.Release|Any CPU.ActiveCfg = Release|Any CPU
		{C61C7C6E-35F7-4B89-8404-4CEBD6F26C03}.Release|Any CPU.Build.0 = Release|Any CPU
	EndGlobalSection
	GlobalSection(SolutionProperties) = preSolution
		HideSolutionNode = FALSE
	EndGlobalSection
	GlobalSection(ExtensibilityGlobals) = postSolution
		SolutionGuid = {5EF53559-DFE7-445C-B2AE-8CD4A9699E30}
	EndGlobalSection
EndGlobal
